
Microsoft Visual Studio Solution File, Format Version 12.00
# Visual Studio Version 16
VisualStudioVersion = 16.0.31205.134
MinimumVisualStudioVersion = 10.0.40219.1
Project("{9A19103F-16F7-4668-BE54-9A1E7A4F7556}") = "SampleMVC", "SampleMVC\SampleMVC.csproj", "{4E375359-F1A6-40A1-8A25-55B28874F516}"
EndProject
Project("{9A19103F-16F7-4668-BE54-9A1E7A4F7556}") = "EducationWorldApplication", "..\EducationWorldApplication\EducationWorldApplication\EducationWorldApplication.csproj", "{D1C6B4E6-897E-408B-AC28-470F4BCCC6FE}"
EndProject
Global
	GlobalSection(SolutionConfigurationPlatforms) = preSolution
		Debug|Any CPU = Debug|Any CPU
		Release|Any CPU = Release|Any CPU
	EndGlobalSection
	GlobalSection(ProjectConfigurationPlatforms) = postSolution
		{4E375359-F1A6-40A1-8A25-55B28874F516}.Debug|Any CPU.ActiveCfg = Debug|Any CPU
		{4E375359-F1A6-40A1-8A25-55B28874F516}.Debug|Any CPU.Build.0 = Debug|Any CPU
		{4E375359-F1A6-40A1-8A25-55B28874F516}.Release|Any CPU.ActiveCfg = Release|Any CPU
		{4E375359-F1A6-40A1-8A25-55B28874F516}.Release|Any CPU.Build.0 = Release|Any CPU
		{D1C6B4E6-897E-408B-AC28-470F4BCCC6FE}.Debug|Any CPU.ActiveCfg = Debug|Any CPU
		{D1C6B4E6-897E-408B-AC28-470F4BCCC6FE}.Debug|Any CPU.Build.0 = Debug|Any CPU
		{D1C6B4E6-897E-408B-AC28-470F4BCCC6FE}.Release|Any CPU.ActiveCfg = Release|Any CPU
		{D1C6B4E6-897E-408B-AC28-470F4BCCC6FE}.Release|Any CPU.Build.0 = Release|Any CPU
	EndGlobalSection
	GlobalSection(SolutionProperties) = preSolution
		HideSolutionNode = FALSE
	EndGlobalSection
	GlobalSection(ExtensibilityGlobals) = postSolution
		SolutionGuid = {8E6B29C2-8293-4CF8-9C57-3B705D03BF7A}
	EndGlobalSection
EndGlobal
